<Solution>
  <Folder Name="/docs/" />
  <Folder Name="/Projektmappenelemente/">
    <File Path="README.md" />
  </Folder>
  <Project Path="src/A.Projects.Calculator.Forms/A.Projects.Calculator.Forms.csproj" Id="99fb4950-b0dc-4819-9f20-3a0303d38f7b" />
  <Project Path="src/A.Projects.Calculator.Konsole/A.Projects.Calculator.Konsole.csproj" Id="c2b1bf4a-bf08-403e-8255-abeb65984599" />
  <Project Path="src/A.Projects.Calculator.NET8/A.Projects.Calculator.Konsole.NET8.csproj" Id="07fae3a7-4ada-4f8d-924a-8ca0ab491cbf" />
  <Project Path="src/A.Projects.Calculator/A.Projects.Calculator.csproj" Id="f649e6a9-ad20-4a4f-b234-d9c085ac86b3" />
  <Project Path="src/B.Project.Konfiguration/B.Project.Konfiguration.csproj" Id="2d952905-6c5b-4add-98f2-45f8c426a4e4" />
</Solution>
